
Microsoft Visual Studio Solution File, Format Version 12.00
# Visual Studio Version 16
VisualStudioVersion = 16.0.30717.126
MinimumVisualStudioVersion = 10.0.40219.1
Project("{FAE04EC0-301F-11D3-BF4B-00C04F79EFBC}") = "CloudstorageEditor", "CloudstorageEditor\CloudstorageEditor.csproj", "{FB3201A1-6A27-4560-AEDF-67AA4400B3BE}"
EndProject
Global
	GlobalSection(SolutionConfigurationPlatforms) = preSolution
		Debug|Any CPU = Debug|Any CPU
		Debug|x64 = Debug|x64
		Release|Any CPU = Release|Any CPU
		Release|x64 = Release|x64
	EndGlobalSection
	GlobalSection(ProjectConfigurationPlatforms) = postSolution
		{FB3201A1-6A27-4560-AEDF-67AA4400B3BE}.Debug|Any CPU.ActiveCfg = Debug|Any CPU
		{FB3201A1-6A27-4560-AEDF-67AA4400B3BE}.Debug|Any CPU.Build.0 = Debug|Any CPU
		{FB3201A1-6A27-4560-AEDF-67AA4400B3BE}.Debug|x64.ActiveCfg = Debug|x64
		{FB3201A1-6A27-4560-AEDF-67AA4400B3BE}.Debug|x64.Build.0 = Debug|x64
		{FB3201A1-6A27-4560-AEDF-67AA4400B3BE}.Release|Any CPU.ActiveCfg = Release|Any CPU
		{FB3201A1-6A27-4560-AEDF-67AA4400B3BE}.Release|Any CPU.Build.0 = Release|Any CPU
		{FB3201A1-6A27-4560-AEDF-67AA4400B3BE}.Release|x64.ActiveCfg = Release|x64
		{FB3201A1-6A27-4560-AEDF-67AA4400B3BE}.Release|x64.Build.0 = Release|x64
	EndGlobalSection
	GlobalSection(SolutionProperties) = preSolution
		HideSolutionNode = FALSE
	EndGlobalSection
	GlobalSection(ExtensibilityGlobals) = postSolution
		SolutionGuid = {EA8C12BB-E28B-4F41-B52C-FDA30FDFE6D5}
	EndGlobalSection
EndGlobal
